
Microsoft Visual Studio Solution File, Format Version 12.00
# Visual Studio 15
VisualStudioVersion = 15.0.28307.168
MinimumVisualStudioVersion = 10.0.40219.1
Project("{FAE04EC0-301F-11D3-BF4B-00C04F79EFBC}") = "BankTests", "BankTests\BankTests.csproj", "{354E9E2B-77F4-4DE0-B097-D5EDAE085EDC}"
EndProject
Global
	GlobalSection(SolutionConfigurationPlatforms) = preSolution
		Debug|Any CPU = Debug|Any CPU
		Release|Any CPU = Release|Any CPU
	EndGlobalSection
	GlobalSection(ProjectConfigurationPlatforms) = postSolution
		{354E9E2B-77F4-4DE0-B097-D5EDAE085EDC}.Debug|Any CPU.ActiveCfg = Debug|Any CPU
		{354E9E2B-77F4-4DE0-B097-D5EDAE085EDC}.Debug|Any CPU.Build.0 = Debug|Any CPU
		{354E9E2B-77F4-4DE0-B097-D5EDAE085EDC}.Release|Any CPU.ActiveCfg = Release|Any CPU
		{354E9E2B-77F4-4DE0-B097-D5EDAE085EDC}.Release|Any CPU.Build.0 = Release|Any CPU
	EndGlobalSection
	GlobalSection(SolutionProperties) = preSolution
		HideSolutionNode = FALSE
	EndGlobalSection
	GlobalSection(ExtensibilityGlobals) = postSolution
		SolutionGuid = {CA78F268-879C-4E49-9B3E-200597B4362C}
	EndGlobalSection
EndGlobal
